Microsoft Visual Studio Solution File, Format Version 11.00
# Visual Studio 2008

Project("{C111BB13-B6F8-EF3F-A67D-8F16A6DE5AA9}") = "SummerStorm", "Assembly-CSharp-firstpass.csproj", "{5B26D718-C937-E682-384F-B6F4DC15D8DC}"
EndProject
Project("{C111BB13-B6F8-EF3F-A67D-8F16A6DE5AA9}") = "SummerStorm", "Assembly-CSharp.csproj", "{78B703DD-F5F3-C002-3471-53689027A79F}"
EndProject
Global
	GlobalSection(SolutionConfigurationPlatforms) = preSolution
		Debug|Any CPU = Debug|Any CPU
		Release|Any CPU = Release|Any CPU
	EndGlobalSection
	GlobalSection(ProjectConfigurationPlatforms) = postSolution
		{5B26D718-C937-E682-384F-B6F4DC15D8DC}.Debug|Any CPU.ActiveCfg = Debug|Any CPU
		{5B26D718-C937-E682-384F-B6F4DC15D8DC}.Debug|Any CPU.Build.0 = Debug|Any CPU
		{5B26D718-C937-E682-384F-B6F4DC15D8DC}.Release|Any CPU.ActiveCfg = Release|Any CPU
		{5B26D718-C937-E682-384F-B6F4DC15D8DC}.Release|Any CPU.Build.0 = Release|Any CPU
		{78B703DD-F5F3-C002-3471-53689027A79F}.Debug|Any CPU.ActiveCfg = Debug|Any CPU
		{78B703DD-F5F3-C002-3471-53689027A79F}.Debug|Any CPU.Build.0 = Debug|Any CPU
		{78B703DD-F5F3-C002-3471-53689027A79F}.Release|Any CPU.ActiveCfg = Release|Any CPU
		{78B703DD-F5F3-C002-3471-53689027A79F}.Release|Any CPU.Build.0 = Release|Any CPU
	EndGlobalSection
	GlobalSection(SolutionProperties) = preSolution
		HideSolutionNode = FALSE
	EndGlobalSection
																																																																																		GlobalSection(MonoDevelopProperties) = preSolution
		StartupItem = Assembly-CSharp.csproj
		Policies = $0
		$0.TextStylePolicy = $1
		$1.inheritsSet = null
		$1.scope = text/x-csharp
		$0.CSharpFormattingPolicy = $2
		$2.inheritsSet = Mono
		$2.inheritsScope = text/x-csharp
		$2.scope = text/x-csharp
		$0.TextStylePolicy = $3
		$3.FileWidth = 120
		$3.TabWidth = 4
		$3.IndentWidth = 4
		$3.EolMarker = Unix
		$3.inheritsSet = Mono
		$3.inheritsScope = text/plain
		$3.scope = text/plain
	EndGlobalSection

EndGlobal
